
Microsoft Visual Studio Solution File, Format Version 12.00
# Visual Studio Version 17
VisualStudioVersion = 17.7.34018.315
MinimumVisualStudioVersion = 10.0.40219.1
Project("{9A19103F-16F7-4668-BE54-9A1E7A4F7556}") = "RedditNew.Application", "RedditNew.Application.csproj", "{DBA801B5-69A4-4AE6-BB6C-EDDFA2AAE39E}"
	ProjectSection(ProjectDependencies) = postProject
		{C6B752F0-D461-4C9A-9CA5-8BB232EEF21F} = {C6B752F0-D461-4C9A-9CA5-8BB232EEF21F}
	EndProjectSection
EndProject
Project("{9A19103F-16F7-4668-BE54-9A1E7A4F7556}") = "DAL", "..\DAL\DAL.csproj", "{5C8318E5-DC78-4568-AE33-C3191EEAB854}"
EndProject
Project("{9A19103F-16F7-4668-BE54-9A1E7A4F7556}") = "RedditService", "..\ServiceLayer\RedditService.csproj", "{C6B752F0-D461-4C9A-9CA5-8BB232EEF21F}"
EndProject
Project("{9A19103F-16F7-4668-BE54-9A1E7A4F7556}") = "Business", "..\Business\Business.csproj", "{B76D0ABF-DB82-4F6A-859E-E82B570F8D6A}"
EndProject
Project("{FAE04EC0-301F-11D3-BF4B-00C04F79EFBC}") = "AuthenticationTokenRetriever", "..\AuthenticationTokenRetriever\AuthenticationTokenRetriever.csproj", "{E72C31E6-9E3F-4EAE-900B-90D48B17F790}"
EndProject
Global
	GlobalSection(SolutionConfigurationPlatforms) = preSolution
		Debug|Any CPU = Debug|Any CPU
		Release|Any CPU = Release|Any CPU
	EndGlobalSection
	GlobalSection(ProjectConfigurationPlatforms) = postSolution
		{DBA801B5-69A4-4AE6-BB6C-EDDFA2AAE39E}.Debug|Any CPU.ActiveCfg = Debug|Any CPU
		{DBA801B5-69A4-4AE6-BB6C-EDDFA2AAE39E}.Debug|Any CPU.Build.0 = Debug|Any CPU
		{DBA801B5-69A4-4AE6-BB6C-EDDFA2AAE39E}.Release|Any CPU.ActiveCfg = Release|Any CPU
		{DBA801B5-69A4-4AE6-BB6C-EDDFA2AAE39E}.Release|Any CPU.Build.0 = Release|Any CPU
		{5C8318E5-DC78-4568-AE33-C3191EEAB854}.Debug|Any CPU.ActiveCfg = Debug|Any CPU
		{5C8318E5-DC78-4568-AE33-C3191EEAB854}.Debug|Any CPU.Build.0 = Debug|Any CPU
		{5C8318E5-DC78-4568-AE33-C3191EEAB854}.Release|Any CPU.ActiveCfg = Release|Any CPU
		{5C8318E5-DC78-4568-AE33-C3191EEAB854}.Release|Any CPU.Build.0 = Release|Any CPU
		{C6B752F0-D461-4C9A-9CA5-8BB232EEF21F}.Debug|Any CPU.ActiveCfg = Debug|Any CPU
		{C6B752F0-D461-4C9A-9CA5-8BB232EEF21F}.Debug|Any CPU.Build.0 = Debug|Any CPU
		{C6B752F0-D461-4C9A-9CA5-8BB232EEF21F}.Release|Any CPU.ActiveCfg = Release|Any CPU
		{C6B752F0-D461-4C9A-9CA5-8BB232EEF21F}.Release|Any CPU.Build.0 = Release|Any CPU
		{B76D0ABF-DB82-4F6A-859E-E82B570F8D6A}.Debug|Any CPU.ActiveCfg = Debug|Any CPU
		{B76D0ABF-DB82-4F6A-859E-E82B570F8D6A}.Debug|Any CPU.Build.0 = Debug|Any CPU
		{B76D0ABF-DB82-4F6A-859E-E82B570F8D6A}.Release|Any CPU.ActiveCfg = Release|Any CPU
		{B76D0ABF-DB82-4F6A-859E-E82B570F8D6A}.Release|Any CPU.Build.0 = Release|Any CPU
		{E72C31E6-9E3F-4EAE-900B-90D48B17F790}.Debug|Any CPU.ActiveCfg = Debug|Any CPU
		{E72C31E6-9E3F-4EAE-900B-90D48B17F790}.Debug|Any CPU.Build.0 = Debug|Any CPU
		{E72C31E6-9E3F-4EAE-900B-90D48B17F790}.Release|Any CPU.ActiveCfg = Release|Any CPU
		{E72C31E6-9E3F-4EAE-900B-90D48B17F790}.Release|Any CPU.Build.0 = Release|Any CPU
	EndGlobalSection
	GlobalSection(SolutionProperties) = preSolution
		HideSolutionNode = FALSE
	EndGlobalSection
	GlobalSection(ExtensibilityGlobals) = postSolution
		SolutionGuid = {AC127E81-386B-42BA-A602-A8E2D8E29436}
	EndGlobalSection
EndGlobal
